
Microsoft Visual Studio Solution File, Format Version 12.00
# Visual Studio 15
VisualStudioVersion = 15.0.28307.438
MinimumVisualStudioVersion = 10.0.40219.1
Project("{2150E333-8FDC-42A3-9474-1A3956D46DE8}") = "src", "src", "{67B33977-B90D-4128-9547-05370DF8C321}"
EndProject
Project("{2150E333-8FDC-42A3-9474-1A3956D46DE8}") = "test", "test", "{965159AA-F033-4C74-861F-22683D85FEAA}"
EndProject
Project("{FAE04EC0-301F-11D3-BF4B-00C04F79EFBC}") = "Problems", "src\cs\Problems\Problems.csproj", "{92A62B8C-38EF-48B9-8D78-00636754E1F6}"
EndProject
Project("{FAE04EC0-301F-11D3-BF4B-00C04F79EFBC}") = "Problems.Tests", "test\cs\Problems.Tests\Problems.Tests.csproj", "{8EB4EE2F-238D-4296-B4BD-FDDC8E4812B9}"
EndProject
Global
	GlobalSection(SolutionConfigurationPlatforms) = preSolution
		Debug|Any CPU = Debug|Any CPU
		Release|Any CPU = Release|Any CPU
	EndGlobalSection
	GlobalSection(ProjectConfigurationPlatforms) = postSolution
		{92A62B8C-38EF-48B9-8D78-00636754E1F6}.Debug|Any CPU.ActiveCfg = Debug|Any CPU
		{92A62B8C-38EF-48B9-8D78-00636754E1F6}.Debug|Any CPU.Build.0 = Debug|Any CPU
		{92A62B8C-38EF-48B9-8D78-00636754E1F6}.Release|Any CPU.ActiveCfg = Release|Any CPU
		{92A62B8C-38EF-48B9-8D78-00636754E1F6}.Release|Any CPU.Build.0 = Release|Any CPU
		{8EB4EE2F-238D-4296-B4BD-FDDC8E4812B9}.Debug|Any CPU.ActiveCfg = Debug|Any CPU
		{8EB4EE2F-238D-4296-B4BD-FDDC8E4812B9}.Debug|Any CPU.Build.0 = Debug|Any CPU
		{8EB4EE2F-238D-4296-B4BD-FDDC8E4812B9}.Release|Any CPU.ActiveCfg = Release|Any CPU
		{8EB4EE2F-238D-4296-B4BD-FDDC8E4812B9}.Release|Any CPU.Build.0 = Release|Any CPU
	EndGlobalSection
	GlobalSection(SolutionProperties) = preSolution
		HideSolutionNode = FALSE
	EndGlobalSection
	GlobalSection(NestedProjects) = preSolution
		{92A62B8C-38EF-48B9-8D78-00636754E1F6} = {67B33977-B90D-4128-9547-05370DF8C321}
		{8EB4EE2F-238D-4296-B4BD-FDDC8E4812B9} = {965159AA-F033-4C74-861F-22683D85FEAA}
	EndGlobalSection
	GlobalSection(ExtensibilityGlobals) = postSolution
		SolutionGuid = {1A003570-2681-4059-B152-2876A4B71EC2}
	EndGlobalSection
EndGlobal
